%{
  "b3": {:hex, :b3, "0.1.0", "aeddee919623b34877eaf572e37d1851fcfa70ee9ed872ed20a50c85646d601c", [:mix], [], "hexpm", "9a65040070032f4be28ef154f320c36746d383638853056ea7cfbc9a187109ec"},
  "base1": {:hex, :base1, "0.1.0", "493a46bb5b34bf38d3b69ea6eaff33416d222f1621231cb1a04af42a351117ea", [:mix], [], "hexpm", "57cb13fe05f3dc4174c7fbca147b94dcfdceea1ce87fdd5f803a29d3ca75fc96"},
  "base2": {:hex, :base2, "0.1.0", "bc9e19f1578e1439010d26b1bee456f3ac980481a46c3643b24e15c40e1db0ed", [:mix], [], "hexpm", "a25eb2892e03f609fd5634aaf9a7795fb90f98dc9a7a495ed8c03b2844bbb647"},
  "base62": {:hex, :base62, "1.2.2", "85c6627eb609317b70f555294045895ffaaeb1758666ab9ef9ca38865b11e629", [:mix], [{:custom_base, "~> 0.2.1", [hex: :custom_base, repo: "hexpm", optional: false]}], "hexpm", "d41336bda8eaa5be197f1e4592400513ee60518e5b9f4dcf38f4b4dae6f377bb"},
  "basefiftyeight": {:hex, :basefiftyeight, "0.1.0", "3d48544743bf9aab7ab02aed803ac42af77acf268c7d8c71d4f39e7fa85ee8d3", [:mix], [], "hexpm", "af12f551429528c711e98628c029ad48d1e5ba5a284f40b2d91029a65381837a"},
  "cid": {:hex, :cid, "0.0.1", "8948663c88c2fbb2d114f5fdf0d1025eed18a7efb8693733065c5f6339f499af", [:mix], [{:basefiftyeight, "~> 0.1.0", [hex: :basefiftyeight, repo: "hexpm", optional: false]}, {:ex_multihash, "~> 2.0", [hex: :ex_multihash, repo: "hexpm", optional: false]}, {:multibase, "~> 0.0.1", [hex: :multibase, repo: "hexpm", optional: false]}, {:multicodec, "~> 0.0.2", [hex: :multicodec, repo: "hexpm", optional: false]}, {:varint, "~> 1.2", [hex: :varint, repo: "hexpm", optional: false]}], "hexpm", "1d8b24a9a6abd1aca76c053a09e77e234022ad8ee2bf23ca333243b6c2bbfc24"},
  "csv": {:hex, :csv, "2.5.0", "c47b5a5221bf2e56d6e8eb79e77884046d7fd516280dc7d9b674251e0ae46246", [:mix], [{:parallel_stream, "~> 1.0.4 or ~> 1.1.0", [hex: :parallel_stream, repo: "hexpm", optional: false]}], "hexpm", "e821f541487045c7591a1963eeb42afff0dfa99bdcdbeb3410795a2f59c77d34"},
  "cuid": {:hex, :cuid, "0.1.0", "6f077491a8e8b572c7bca3fa4bcdd83a190cc1b0c7b414eab4800ed426761f4e", [:mix], [], "hexpm", "80cd46bd323e05b706c60008368e631b559307b554c0acc54292ab2c73a3340b"},
  "custom_base": {:hex, :custom_base, "0.2.1", "4a832a42ea0552299d81652aa0b1f775d462175293e99dfbe4d7dbaab785a706", [:mix], [], "hexpm", "8df019facc5ec9603e94f7270f1ac73ddf339f56ade76a721eaa57c1493ba463"},
  "ex_multihash": {:hex, :ex_multihash, "2.0.0", "7fb36f842a2ec1c6bbba550f28fcd16d3c62981781b9466c9c1975c43d7db43c", [:mix], [], "hexpm", "66a08a86a1ba00d95736c595d7975696e5691308cdf7770c50b0f84a2a1172b0"},
  "meck": {:hex, :meck, "0.9.2", "85ccbab053f1db86c7ca240e9fc718170ee5bda03810a6292b5306bf31bae5f5", [:rebar3], [], "hexpm", "81344f561357dc40a8344afa53767c32669153355b626ea9fcbc8da6b3045826"},
  "mock": {:hex, :mock, "0.3.9", "10e44ad1f5962480c5c9b9fa779c6c63de9bd31997c8e04a853ec990a9d841af", [:mix], [{:meck, "~> 0.9.2", [hex: :meck, repo: "hexpm", optional: false]}], "hexpm", "9e1b244c4ca2551bb17bb8415eed89e40ee1308e0fbaed0a4fdfe3ec8a4adbd3"},
  "multibase": {:hex, :multibase, "0.0.1", "9243bebe6f7f0f9f873c770ddcddab285cc554a8dd2374b8de6b2add087eccbc", [:mix], [{:base1, "~> 0.1.0", [hex: :base1, repo: "hexpm", optional: false]}, {:base2, "~> 0.1.0", [hex: :base2, repo: "hexpm", optional: false]}, {:basefiftyeight, "~> 0.1.0", [hex: :basefiftyeight, repo: "hexpm", optional: false]}, {:zbase32, "~> 2.0.0", [hex: :zbase32, repo: "hexpm", optional: false]}], "hexpm", "6ea13a19e47da727c2def81b241ad10a39440c5705a4abed18e8310b46f45f51"},
  "multicodec": {:hex, :multicodec, "0.0.2", "7f2d0bca16bd37d5eefb389776bc2c955618c5903ac62c8e3293f38b0960d8e0", [:mix], [{:csv, "~> 2.1", [hex: :csv, repo: "hexpm", optional: false]}, {:varint, "~> 1.1", [hex: :varint, repo: "hexpm", optional: false]}], "hexpm", "3f04637bdb25b2948d939feaf07366c88b999a7f0e7d4095deb9f11dab0ca3ee"},
  "parallel_stream": {:hex, :parallel_stream, "1.1.0", "f52f73eb344bc22de335992377413138405796e0d0ad99d995d9977ac29f1ca9", [:mix], [], "hexpm", "684fd19191aedfaf387bbabbeb8ff3c752f0220c8112eb907d797f4592d6e871"},
  "varint": {:hex, :varint, "1.5.1", "17160c70d0428c3f8a7585e182468cac10bbf165c2360cf2328aaa39d3fb1795", [:mix], [], "hexpm", "24f3deb61e91cb988056de79d06f01161dd01be5e0acae61d8d936a552f1be73"},
  "zbase32": {:hex, :zbase32, "2.0.0", "5a61d5ee8f39092d4a243da2a42b5b4339ef226d9b182603f63d5a3f16d192ee", [:mix], [], "hexpm", "798f81895658f9773e1dcf30ba3c118547f482502c5e1e19e72752f9a6f23e44"},
}
